%{
  "bunt": {:hex, :bunt, "0.2.1", "e2d4792f7bc0ced7583ab54922808919518d0e57ee162901a16a1b6664ef3b14", [:mix], [], "hexpm", "a330bfb4245239787b15005e66ae6845c9cd524a288f0d141c148b02603777a5"},
  "credo": {:hex, :credo, "1.6.7", "323f5734350fd23a456f2688b9430e7d517afb313fbd38671b8a4449798a7854", [:mix], [{:bunt, "~> 0.2.1", [hex: :bunt, repo: "hexpm", optional: false]}, {:file_system, "~> 0.2.8", [hex: :file_system, repo: "hexpm", optional: false]}, {:jason, "~> 1.0", [hex: :jason, repo: "hexpm", optional: false]}], "hexpm", "41e110bfb007f7eda7f897c10bf019ceab9a0b269ce79f015d54b0dcf4fc7dd3"},
  "crontab": {:hex, :crontab, "1.1.11", "4028ced51b813a5061f85b689d4391ef0c27550c8ab09aaf139e4295c3d93ea4", [:mix], [{:ecto, "~> 1.0 or ~> 2.0 or ~> 3.0", [hex: :ecto, repo: "hexpm", optional: true]}], "hexpm", "ecb045f9ac14a3e2990e54368f70cdb6e2f2abafc5bc329d6c31f0c74b653787"},
  "extwitter": {:hex, :extwitter, "0.13.1", "b984a5d38be2088adb434d0ead3554fff3a301b83b54ba415d608cd55eb4296c", [:mix], [{:jason, "~> 1.1", [hex: :jason, repo: "hexpm", optional: false]}, {:oauther, "~> 1.3", [hex: :oauther, repo: "hexpm", optional: false]}], "hexpm", "7806c14cc6bb32dc6ba98d6a2e516ca882fe061a0d7ec64f3f8a33148ad07dba"},
  "file_system": {:hex, :file_system, "0.2.10", "fb082005a9cd1711c05b5248710f8826b02d7d1784e7c3451f9c1231d4fc162d", [:mix], [], "hexpm", "41195edbfb562a593726eda3b3e8b103a309b733ad25f3d642ba49696bf715dc"},
  "gen_stage": {:hex, :gen_stage, "1.1.2", "b1656cd4ba431ed02c5656fe10cb5423820847113a07218da68eae5d6a260c23", [:mix], [], "hexpm", "9e39af23140f704e2b07a3e29d8f05fd21c2aaf4088ff43cb82be4b9e3148d02"},
  "jason": {:hex, :jason, "1.4.0", "e855647bc964a44e2f67df589ccf49105ae039d4179db7f6271dfd3843dc27e6", [:mix], [{:decimal, "~> 1.0 or ~> 2.0", [hex: :decimal, repo: "hexpm", optional: true]}], "hexpm", "79a3791085b2a0f743ca04cec0f7be26443738779d09302e01318f97bdb82121"},
  "oauther": {:hex, :oauther, "1.3.0", "82b399607f0ca9d01c640438b34d74ebd9e4acd716508f868e864537ecdb1f76", [:mix], [], "hexpm", "78eb888ea875c72ca27b0864a6f550bc6ee84f2eeca37b093d3d833fbcaec04e"},
  "quantum": {:hex, :quantum, "3.5.0", "8d2c5ba68c55991e8975aca368e3ab844ba01f4b87c4185a7403280e2c99cf34", [:mix], [{:crontab, "~> 1.1", [hex: :crontab, repo: "hexpm", optional: false]}, {:gen_stage, "~> 0.14 or ~> 1.0", [hex: :gen_stage, repo: "hexpm", optional: false]}, {:telemetry, "~> 0.4.3 or ~> 1.0", [hex: :telemetry, repo: "hexpm", optional: false]}, {:telemetry_registry, "~> 0.2", [hex: :telemetry_registry, repo: "hexpm", optional: false]}], "hexpm", "cab737d1d9779f43cb1d701f46dd05ea58146fd96238d91c9e0da662c1982bb6"},
  "telemetry": {:hex, :telemetry, "1.1.0", "a589817034a27eab11144ad24d5c0f9fab1f58173274b1e9bae7074af9cbee51", [:rebar3], [], "hexpm", "b727b2a1f75614774cff2d7565b64d0dfa5bd52ba517f16543e6fc7efcc0df48"},
  "telemetry_registry": {:hex, :telemetry_registry, "0.3.0", "6768f151ea53fc0fbca70dbff5b20a8d663ee4e0c0b2ae589590e08658e76f1e", [:mix, :rebar3], [{:telemetry, "~> 1.0", [hex: :telemetry, repo: "hexpm", optional: false]}], "hexpm", "492e2adbc609f3e79ece7f29fec363a97a2c484ac78a83098535d6564781e917"},
}
